
Microsoft Visual Studio Solution File, Format Version 12.00
# Visual Studio 14
VisualStudioVersion = 14.0.25420.1
MinimumVisualStudioVersion = 10.0.40219.1
Project("{2150E333-8FDC-42A3-9474-1A3956D46DE8}") = "Engine", "Engine", "{2BFB6857-9C14-4175-924D-D5B39042FC9C}"
EndProject
Project("{2150E333-8FDC-42A3-9474-1A3956D46DE8}") = "Games", "Games", "{6A32AACE-529A-4A5D-AB03-40C3B0BBDF1B}"
EndProject
Project("{8BC9CEB8-8B4A-11D0-8D11-00A0C91BC942}") = "UE4", "Intermediate\ProjectFiles\UE4.vcxproj", "{E6853234-05D9-4615-B762-E8264121BE0C}"
EndProject
Project("{8BC9CEB8-8B4A-11D0-8D11-00A0C91BC942}") = "unchartedwaters", "Intermediate\ProjectFiles\unchartedwaters.vcxproj", "{2530DCD6-F0A3-4CD6-99B8-48585F8B6CCD}"
EndProject
Global
	GlobalSection(SolutionConfigurationPlatforms) = preSolution
		DebugGame Editor|Win32 = DebugGame Editor|Win32
		DebugGame Editor|Win64 = DebugGame Editor|Win64
		DebugGame|Win32 = DebugGame|Win32
		DebugGame|Win64 = DebugGame|Win64
		Development Editor|Win32 = Development Editor|Win32
		Development Editor|Win64 = Development Editor|Win64
		Development|Win32 = Development|Win32
		Development|Win64 = Development|Win64
		Shipping|Win32 = Shipping|Win32
		Shipping|Win64 = Shipping|Win64
	EndGlobalSection
	GlobalSection(ProjectConfigurationPlatforms) = postSolution
		{E6853234-05D9-4615-B762-E8264121BE0C}.DebugGame Editor|Win32.ActiveCfg = BuiltWithUnrealBuildTool|Win32
		{E6853234-05D9-4615-B762-E8264121BE0C}.DebugGame Editor|Win32.Build.0 = BuiltWithUnrealBuildTool|Win32
		{E6853234-05D9-4615-B762-E8264121BE0C}.DebugGame Editor|Win64.ActiveCfg = BuiltWithUnrealBuildTool|Win32
		{E6853234-05D9-4615-B762-E8264121BE0C}.DebugGame Editor|Win64.Build.0 = BuiltWithUnrealBuildTool|Win32
		{E6853234-05D9-4615-B762-E8264121BE0C}.DebugGame|Win32.ActiveCfg = BuiltWithUnrealBuildTool|Win32
		{E6853234-05D9-4615-B762-E8264121BE0C}.DebugGame|Win32.Build.0 = BuiltWithUnrealBuildTool|Win32
		{E6853234-05D9-4615-B762-E8264121BE0C}.DebugGame|Win64.ActiveCfg = BuiltWithUnrealBuildTool|Win32
		{E6853234-05D9-4615-B762-E8264121BE0C}.DebugGame|Win64.Build.0 = BuiltWithUnrealBuildTool|Win32
		{E6853234-05D9-4615-B762-E8264121BE0C}.Development Editor|Win32.ActiveCfg = BuiltWithUnrealBuildTool|Win32
		{E6853234-05D9-4615-B762-E8264121BE0C}.Development Editor|Win32.Build.0 = BuiltWithUnrealBuildTool|Win32
		{E6853234-05D9-4615-B762-E8264121BE0C}.Development Editor|Win64.ActiveCfg = BuiltWithUnrealBuildTool|Win32
		{E6853234-05D9-4615-B762-E8264121BE0C}.Development Editor|Win64.Build.0 = BuiltWithUnrealBuildTool|Win32
		{E6853234-05D9-4615-B762-E8264121BE0C}.Development|Win32.ActiveCfg = BuiltWithUnrealBuildTool|Win32
		{E6853234-05D9-4615-B762-E8264121BE0C}.Development|Win32.Build.0 = BuiltWithUnrealBuildTool|Win32
		{E6853234-05D9-4615-B762-E8264121BE0C}.Development|Win64.ActiveCfg = BuiltWithUnrealBuildTool|Win32
		{E6853234-05D9-4615-B762-E8264121BE0C}.Development|Win64.Build.0 = BuiltWithUnrealBuildTool|Win32
		{E6853234-05D9-4615-B762-E8264121BE0C}.Shipping|Win32.ActiveCfg = BuiltWithUnrealBuildTool|Win32
		{E6853234-05D9-4615-B762-E8264121BE0C}.Shipping|Win32.Build.0 = BuiltWithUnrealBuildTool|Win32
		{E6853234-05D9-4615-B762-E8264121BE0C}.Shipping|Win64.ActiveCfg = BuiltWithUnrealBuildTool|Win32
		{E6853234-05D9-4615-B762-E8264121BE0C}.Shipping|Win64.Build.0 = BuiltWithUnrealBuildTool|Win32
		{2530DCD6-F0A3-4CD6-99B8-48585F8B6CCD}.DebugGame Editor|Win32.ActiveCfg = DebugGame_Editor|Win32
		{2530DCD6-F0A3-4CD6-99B8-48585F8B6CCD}.DebugGame Editor|Win64.ActiveCfg = DebugGame_Editor|x64
		{2530DCD6-F0A3-4CD6-99B8-48585F8B6CCD}.DebugGame Editor|Win64.Build.0 = DebugGame_Editor|x64
		{2530DCD6-F0A3-4CD6-99B8-48585F8B6CCD}.DebugGame|Win32.ActiveCfg = DebugGame_Game|Win32
		{2530DCD6-F0A3-4CD6-99B8-48585F8B6CCD}.DebugGame|Win32.Build.0 = DebugGame_Game|Win32
		{2530DCD6-F0A3-4CD6-99B8-48585F8B6CCD}.DebugGame|Win64.ActiveCfg = DebugGame_Game|x64
		{2530DCD6-F0A3-4CD6-99B8-48585F8B6CCD}.DebugGame|Win64.Build.0 = DebugGame_Game|x64
		{2530DCD6-F0A3-4CD6-99B8-48585F8B6CCD}.Development Editor|Win32.ActiveCfg = Development_Editor|Win32
		{2530DCD6-F0A3-4CD6-99B8-48585F8B6CCD}.Development Editor|Win64.ActiveCfg = Development_Editor|x64
		{2530DCD6-F0A3-4CD6-99B8-48585F8B6CCD}.Development Editor|Win64.Build.0 = Development_Editor|x64
		{2530DCD6-F0A3-4CD6-99B8-48585F8B6CCD}.Development|Win32.ActiveCfg = Development_Game|Win32
		{2530DCD6-F0A3-4CD6-99B8-48585F8B6CCD}.Development|Win32.Build.0 = Development_Game|Win32
		{2530DCD6-F0A3-4CD6-99B8-48585F8B6CCD}.Development|Win64.ActiveCfg = Development_Game|x64
		{2530DCD6-F0A3-4CD6-99B8-48585F8B6CCD}.Development|Win64.Build.0 = Development_Game|x64
		{2530DCD6-F0A3-4CD6-99B8-48585F8B6CCD}.Shipping|Win32.ActiveCfg = Shipping_Game|Win32
		{2530DCD6-F0A3-4CD6-99B8-48585F8B6CCD}.Shipping|Win32.Build.0 = Shipping_Game|Win32
		{2530DCD6-F0A3-4CD6-99B8-48585F8B6CCD}.Shipping|Win64.ActiveCfg = Shipping_Game|x64
		{2530DCD6-F0A3-4CD6-99B8-48585F8B6CCD}.Shipping|Win64.Build.0 = Shipping_Game|x64
	EndGlobalSection
	GlobalSection(SolutionProperties) = preSolution
		HideSolutionNode = FALSE
	EndGlobalSection
	GlobalSection(NestedProjects) = preSolution
		{E6853234-05D9-4615-B762-E8264121BE0C} = {2BFB6857-9C14-4175-924D-D5B39042FC9C}
		{2530DCD6-F0A3-4CD6-99B8-48585F8B6CCD} = {6A32AACE-529A-4A5D-AB03-40C3B0BBDF1B}
	EndGlobalSection
EndGlobal
